
Microsoft Visual Studio Solution File, Format Version 12.00
Project("{2150E333-8FDC-42A3-9474-1A3956D46DE8}") = "src", "src", "{7E418677-D344-44FB-B9EB-27A4414B4FFB}"
EndProject
Project("{FAE04EC0-301F-11D3-BF4B-00C04F79EFBC}") = "UOW.Web", "UOW.Web\UOW.Web.csproj", "{DACE2EE3-73AE-4799-A75C-2D1473385495}"
EndProject
Project("{FAE04EC0-301F-11D3-BF4B-00C04F79EFBC}") = "UOW.DAL", "UOW.DAL\UOW.DAL.csproj", "{F1D6B5EB-0F06-4510-A15D-83B121272B5B}"
EndProject
Project("{FAE04EC0-301F-11D3-BF4B-00C04F79EFBC}") = "UOW.BLL", "UOW.BLL\UOW.BLL.csproj", "{31F83D41-3A63-455C-8F9B-750222F61449}"
EndProject
Global
	GlobalSection(SolutionConfigurationPlatforms) = preSolution
		Debug|Any CPU = Debug|Any CPU
		Release|Any CPU = Release|Any CPU
	EndGlobalSection
	GlobalSection(NestedProjects) = preSolution
		{DACE2EE3-73AE-4799-A75C-2D1473385495} = {7E418677-D344-44FB-B9EB-27A4414B4FFB}
		{31F83D41-3A63-455C-8F9B-750222F61449} = {7E418677-D344-44FB-B9EB-27A4414B4FFB}
		{F1D6B5EB-0F06-4510-A15D-83B121272B5B} = {7E418677-D344-44FB-B9EB-27A4414B4FFB}
	EndGlobalSection
	GlobalSection(ProjectConfigurationPlatforms) = postSolution
		{DACE2EE3-73AE-4799-A75C-2D1473385495}.Debug|Any CPU.ActiveCfg = Debug|Any CPU
		{DACE2EE3-73AE-4799-A75C-2D1473385495}.Debug|Any CPU.Build.0 = Debug|Any CPU
		{DACE2EE3-73AE-4799-A75C-2D1473385495}.Release|Any CPU.ActiveCfg = Release|Any CPU
		{DACE2EE3-73AE-4799-A75C-2D1473385495}.Release|Any CPU.Build.0 = Release|Any CPU
		{F1D6B5EB-0F06-4510-A15D-83B121272B5B}.Debug|Any CPU.ActiveCfg = Debug|Any CPU
		{F1D6B5EB-0F06-4510-A15D-83B121272B5B}.Debug|Any CPU.Build.0 = Debug|Any CPU
		{F1D6B5EB-0F06-4510-A15D-83B121272B5B}.Release|Any CPU.ActiveCfg = Release|Any CPU
		{F1D6B5EB-0F06-4510-A15D-83B121272B5B}.Release|Any CPU.Build.0 = Release|Any CPU
		{31F83D41-3A63-455C-8F9B-750222F61449}.Debug|Any CPU.ActiveCfg = Debug|Any CPU
		{31F83D41-3A63-455C-8F9B-750222F61449}.Debug|Any CPU.Build.0 = Debug|Any CPU
		{31F83D41-3A63-455C-8F9B-750222F61449}.Release|Any CPU.ActiveCfg = Release|Any CPU
		{31F83D41-3A63-455C-8F9B-750222F61449}.Release|Any CPU.Build.0 = Release|Any CPU
	EndGlobalSection
EndGlobal
