
Microsoft Visual Studio Solution File, Format Version 12.00
Project("{2150E333-8FDC-42A3-9474-1A3956D46DE8}") = "src", "src", "{609C483B-1EC9-4098-AEE1-AE723D1DE250}"
EndProject
Project("{FAE04EC0-301F-11D3-BF4B-00C04F79EFBC}") = "UOW.Web", "UOW.Web\UOW.Web.csproj", "{F66ED661-0238-40E0-9736-3AFE64792B74}"
EndProject
Project("{FAE04EC0-301F-11D3-BF4B-00C04F79EFBC}") = "UOW.DAL", "UOW.DAL\UOW.DAL.csproj", "{0881BC95-C6BA-4DF1-92BF-AB5DBABFAA58}"
EndProject
Project("{FAE04EC0-301F-11D3-BF4B-00C04F79EFBC}") = "UOW.BLL", "UOW.BLL\UOW.BLL.csproj", "{FDD37416-1FD5-4478-B8D5-AAD3D1123E5B}"
EndProject
Global
	GlobalSection(SolutionConfigurationPlatforms) = preSolution
		Debug|Any CPU = Debug|Any CPU
		Release|Any CPU = Release|Any CPU
	EndGlobalSection
	GlobalSection(NestedProjects) = preSolution
		{F66ED661-0238-40E0-9736-3AFE64792B74} = {609C483B-1EC9-4098-AEE1-AE723D1DE250}
		{0881BC95-C6BA-4DF1-92BF-AB5DBABFAA58} = {609C483B-1EC9-4098-AEE1-AE723D1DE250}
		{FDD37416-1FD5-4478-B8D5-AAD3D1123E5B} = {609C483B-1EC9-4098-AEE1-AE723D1DE250}
	EndGlobalSection
	GlobalSection(ProjectConfigurationPlatforms) = postSolution
		{F66ED661-0238-40E0-9736-3AFE64792B74}.Debug|Any CPU.ActiveCfg = Debug|Any CPU
		{F66ED661-0238-40E0-9736-3AFE64792B74}.Debug|Any CPU.Build.0 = Debug|Any CPU
		{F66ED661-0238-40E0-9736-3AFE64792B74}.Release|Any CPU.ActiveCfg = Release|Any CPU
		{F66ED661-0238-40E0-9736-3AFE64792B74}.Release|Any CPU.Build.0 = Release|Any CPU
		{0881BC95-C6BA-4DF1-92BF-AB5DBABFAA58}.Debug|Any CPU.ActiveCfg = Debug|Any CPU
		{0881BC95-C6BA-4DF1-92BF-AB5DBABFAA58}.Debug|Any CPU.Build.0 = Debug|Any CPU
		{0881BC95-C6BA-4DF1-92BF-AB5DBABFAA58}.Release|Any CPU.ActiveCfg = Release|Any CPU
		{0881BC95-C6BA-4DF1-92BF-AB5DBABFAA58}.Release|Any CPU.Build.0 = Release|Any CPU
		{FDD37416-1FD5-4478-B8D5-AAD3D1123E5B}.Debug|Any CPU.ActiveCfg = Debug|Any CPU
		{FDD37416-1FD5-4478-B8D5-AAD3D1123E5B}.Debug|Any CPU.Build.0 = Debug|Any CPU
		{FDD37416-1FD5-4478-B8D5-AAD3D1123E5B}.Release|Any CPU.ActiveCfg = Release|Any CPU
		{FDD37416-1FD5-4478-B8D5-AAD3D1123E5B}.Release|Any CPU.Build.0 = Release|Any CPU
	EndGlobalSection
EndGlobal
